// !$*UTF8*$!
{
	archiveVersion = 1;
	classes = {
	};
	objectVersion = 50;
	objects = {

/* Begin PBXBuildFile section */
		5C4E70C9261E01BC002486F0 /* AppetizerListCell.swift in Sources */ = {isa = PBXBuildFile; fileRef = 5C4E70C8261E01BC002486F0 /* AppetizerListCell.swift */; };
		5C4E70CD261E0422002486F0 /* APError.swift in Sources */ = {isa = PBXBuildFile; fileRef = 5C4E70CC261E0422002486F0 /* APError.swift */; };
		5C4E70D0261E0452002486F0 /* NetworkManager.swift in Sources */ = {isa = PBXBuildFile; fileRef = 5C4E70CF261E0452002486F0 /* NetworkManager.swift */; };
		5C4E70D3261E1441002486F0 /* AppetizerListViewModel.swift in Sources */ = {isa = PBXBuildFile; fileRef = 5C4E70D2261E1441002486F0 /* AppetizerListViewModel.swift */; };
		5C6131F726208DAF00A596B8 /* Alert.swift in Sources */ = {isa = PBXBuildFile; fileRef = 5C6131F626208DAF00A596B8 /* Alert.swift */; };
		5C6131FB26209A8F00A596B8 /* Color+Ext.swift in Sources */ = {isa = PBXBuildFile; fileRef = 5C6131FA26209A8F00A596B8 /* Color+Ext.swift */; };
		5C6131FE26209AD400A596B8 /* LoadingView.swift in Sources */ = {isa = PBXBuildFile; fileRef = 5C6131FD26209AD400A596B8 /* LoadingView.swift */; };
		5C6132032620A70B00A596B8 /* RemoteImage.swift in Sources */ = {isa = PBXBuildFile; fileRef = 5C6132022620A70B00A596B8 /* RemoteImage.swift */; };
		5C7A7583261C9FA800ABCA49 /* AppetizerApp.swift in Sources */ = {isa = PBXBuildFile; fileRef = 5C7A7582261C9FA800ABCA49 /* AppetizerApp.swift */; };
		5C7A7585261C9FA800ABCA49 /* AppetizerTabView.swift in Sources */ = {isa = PBXBuildFile; fileRef = 5C7A7584261C9FA800ABCA49 /* AppetizerTabView.swift */; };
		5C7A7587261C9FAC00ABCA49 /* Assets.xcassets in Resources */ = {isa = PBXBuildFile; fileRef = 5C7A7586261C9FAC00ABCA49 /* Assets.xcassets */; };
		5C7A758A261C9FAC00ABCA49 /* Preview Assets.xcassets in Resources */ = {isa = PBXBuildFile; fileRef = 5C7A7589261C9FAC00ABCA49 /* Preview Assets.xcassets */; };
		5C7A7594261CA3CC00ABCA49 /* AccountView.swift in Sources */ = {isa = PBXBuildFile; fileRef = 5C7A7593261CA3CC00ABCA49 /* AccountView.swift */; };
		5C7A7598261CA41100ABCA49 /* AppetizerListView.swift in Sources */ = {isa = PBXBuildFile; fileRef = 5C7A7597261CA41100ABCA49 /* AppetizerListView.swift */; };
		5C7A759D261CA4C400ABCA49 /* OrderView.swift in Sources */ = {isa = PBXBuildFile; fileRef = 5C7A759C261CA4C400ABCA49 /* OrderView.swift */; };
		5C7A75A2261CBCD400ABCA49 /* Appetizer.swift in Sources */ = {isa = PBXBuildFile; fileRef = 5C7A75A1261CBCD400ABCA49 /* Appetizer.swift */; };
/* End PBXBuildFile section */

/* Begin PBXFileReference section */
		5C4E70C8261E01BC002486F0 /* AppetizerListCell.swift */ = {isa = PBXFileReference; lastKnownFileType = sourcecode.swift; path = AppetizerListCell.swift; sourceTree = "<group>"; };
		5C4E70CC261E0422002486F0 /* APError.swift */ = {isa = PBXFileReference; lastKnownFileType = sourcecode.swift; path = APError.swift; sourceTree = "<group>"; };
		5C4E70CF261E0452002486F0 /* NetworkManager.swift */ = {isa = PBXFileReference; lastKnownFileType = sourcecode.swift; path = NetworkManager.swift; sourceTree = "<group>"; };
		5C4E70D2261E1441002486F0 /* AppetizerListViewModel.swift */ = {isa = PBXFileReference; lastKnownFileType = sourcecode.swift; path = AppetizerListViewModel.swift; sourceTree = "<group>"; };
		5C6131F626208DAF00A596B8 /* Alert.swift */ = {isa = PBXFileReference; lastKnownFileType = sourcecode.swift; path = Alert.swift; sourceTree = "<group>"; };
		5C6131FA26209A8F00A596B8 /* Color+Ext.swift */ = {isa = PBXFileReference; lastKnownFileType = sourcecode.swift; path = "Color+Ext.swift"; sourceTree = "<group>"; };
		5C6131FD26209AD400A596B8 /* LoadingView.swift */ = {isa = PBXFileReference; lastKnownFileType = sourcecode.swift; path = LoadingView.swift; sourceTree = "<group>"; };
		5C6132022620A70B00A596B8 /* RemoteImage.swift */ = {isa = PBXFileReference; lastKnownFileType = sourcecode.swift; path = RemoteImage.swift; sourceTree = "<group>"; };
		5C7A757F261C9FA800ABCA49 /* Appetizer.app */ = {isa = PBXFileReference; explicitFileType = wrapper.application; includeInIndex = 0; path = Appetizer.app; sourceTree = BUILT_PRODUCTS_DIR; };
		5C7A7582261C9FA800ABCA49 /* AppetizerApp.swift */ = {isa = PBXFileReference; lastKnownFileType = sourcecode.swift; path = AppetizerApp.swift; sourceTree = "<group>"; };
		5C7A7584261C9FA800ABCA49 /* AppetizerTabView.swift */ = {isa = PBXFileReference; lastKnownFileType = sourcecode.swift; path = AppetizerTabView.swift; sourceTree = "<group>"; };
		5C7A7586261C9FAC00ABCA49 /* Assets.xcassets */ = {isa = PBXFileReference; lastKnownFileType = folder.assetcatalog; path = Assets.xcassets; sourceTree = "<group>"; };
		5C7A7589261C9FAC00ABCA49 /* Preview Assets.xcassets */ = {isa = PBXFileReference; lastKnownFileType = folder.assetcatalog; path = "Preview Assets.xcassets"; sourceTree = "<group>"; };
		5C7A758B261C9FAC00ABCA49 /* Info.plist */ = {isa = PBXFileReference; lastKnownFileType = text.plist.xml; path = Info.plist; sourceTree = "<group>"; };
		5C7A7593261CA3CC00ABCA49 /* AccountView.swift */ = {isa = PBXFileReference; lastKnownFileType = sourcecode.swift; path = AccountView.swift; sourceTree = "<group>"; };
		5C7A7597261CA41100ABCA49 /* AppetizerListView.swift */ = {isa = PBXFileReference; lastKnownFileType = sourcecode.swift; path = AppetizerListView.swift; sourceTree = "<group>"; };
		5C7A759C261CA4C400ABCA49 /* OrderView.swift */ = {isa = PBXFileReference; lastKnownFileType = sourcecode.swift; path = OrderView.swift; sourceTree = "<group>"; };
		5C7A75A1261CBCD400ABCA49 /* Appetizer.swift */ = {isa = PBXFileReference; lastKnownFileType = sourcecode.swift; path = Appetizer.swift; sourceTree = "<group>"; };
/* End PBXFileReference section */

/* Begin PBXFrameworksBuildPhase section */
		5C7A757C261C9FA800ABCA49 /* Frameworks */ = {
			isa = PBXFrameworksBuildPhase;
			buildActionMask = 2147483647;
			files = (
			);
			runOnlyForDeploymentPostprocessing = 0;
		};
/* End PBXFrameworksBuildPhase section */

/* Begin PBXGroup section */
		5C7A7576261C9FA800ABCA49 = {
			isa = PBXGroup;
			children = (
				5C7A7581261C9FA800ABCA49 /* Appetizer */,
				5C7A7580261C9FA800ABCA49 /* Products */,
			);
			sourceTree = "<group>";
		};
		5C7A7580261C9FA800ABCA49 /* Products */ = {
			isa = PBXGroup;
			children = (
				5C7A757F261C9FA800ABCA49 /* Appetizer.app */,
			);
			name = Products;
			sourceTree = "<group>";
		};
		5C7A7581261C9FA800ABCA49 /* Appetizer */ = {
			isa = PBXGroup;
			children = (
				5C7A7582261C9FA800ABCA49 /* AppetizerApp.swift */,
				5C7A7584261C9FA800ABCA49 /* AppetizerTabView.swift */,
				5C7A7593261CA3CC00ABCA49 /* AccountView.swift */,
				5C7A7597261CA41100ABCA49 /* AppetizerListView.swift */,
				5C7A759C261CA4C400ABCA49 /* OrderView.swift */,
				5C7A75A1261CBCD400ABCA49 /* Appetizer.swift */,
				5C4E70C8261E01BC002486F0 /* AppetizerListCell.swift */,
				5C4E70CC261E0422002486F0 /* APError.swift */,
				5C7A7586261C9FAC00ABCA49 /* Assets.xcassets */,
				5C7A758B261C9FAC00ABCA49 /* Info.plist */,
				5C7A7588261C9FAC00ABCA49 /* Preview Content */,
				5C4E70CF261E0452002486F0 /* NetworkManager.swift */,
				5C4E70D2261E1441002486F0 /* AppetizerListViewModel.swift */,
				5C6131F626208DAF00A596B8 /* Alert.swift */,
				5C6131FA26209A8F00A596B8 /* Color+Ext.swift */,
				5C6131FD26209AD400A596B8 /* LoadingView.swift */,
				5C6132022620A70B00A596B8 /* RemoteImage.swift */,
			);
			path = Appetizer;
			sourceTree = "<group>";
		};
		5C7A7588261C9FAC00ABCA49 /* Preview Content */ = {
			isa = PBXGroup;
			children = (
				5C7A7589261C9FAC00ABCA49 /* Preview Assets.xcassets */,
			);
			path = "Preview Content";
			sourceTree = "<group>";
		};
/* End PBXGroup section */

/* Begin PBXNativeTarget section */
		5C7A757E261C9FA800ABCA49 /* Appetizer */ = {
			isa = PBXNativeTarget;
			buildConfigurationList = 5C7A758E261C9FAC00ABCA49 /* Build configuration list for PBXNativeTarget "Appetizer" */;
			buildPhases = (
				5C7A757B261C9FA800ABCA49 /* Sources */,
				5C7A757C261C9FA800ABCA49 /* Frameworks */,
				5C7A757D261C9FA800ABCA49 /* Resources */,
			);
			buildRules = (
			);
			dependencies = (
			);
			name = Appetizer;
			productName = Appetizer;
			productReference = 5C7A757F261C9FA800ABCA49 /* Appetizer.app */;
			productType = "com.apple.product-type.application";
		};
/* End PBXNativeTarget section */

/* Begin PBXProject section */
		5C7A7577261C9FA800ABCA49 /* Project object */ = {
			isa = PBXProject;
			attributes = {
				LastSwiftUpdateCheck = 1240;
				LastUpgradeCheck = 1240;
				TargetAttributes = {
					5C7A757E261C9FA800ABCA49 = {
						CreatedOnToolsVersion = 12.4;
					};
				};
			};
			buildConfigurationList = 5C7A757A261C9FA800ABCA49 /* Build configuration list for PBXProject "Appetizer" */;
			compatibilityVersion = "Xcode 9.3";
			developmentRegion = en;
			hasScannedForEncodings = 0;
			knownRegions = (
				en,
				Base,
			);
			mainGroup = 5C7A7576261C9FA800ABCA49;
			productRefGroup = 5C7A7580261C9FA800ABCA49 /* Products */;
			projectDirPath = "";
			projectRoot = "";
			targets = (
				5C7A757E261C9FA800ABCA49 /* Appetizer */,
			);
		};
/* End PBXProject section */

/* Begin PBXResourcesBuildPhase section */
		5C7A757D261C9FA800ABCA49 /* Resources */ = {
			isa = PBXResourcesBuildPhase;
			buildActionMask = 2147483647;
			files = (
				5C7A758A261C9FAC00ABCA49 /* Preview Assets.xcassets in Resources */,
				5C7A7587261C9FAC00ABCA49 /* Assets.xcassets in Resources */,
			);
			runOnlyForDeploymentPostprocessing = 0;
		};
/* End PBXResourcesBuildPhase section */

/* Begin PBXSourcesBuildPhase section */
		5C7A757B261C9FA800ABCA49 /* Sources */ = {
			isa = PBXSourcesBuildPhase;
			buildActionMask = 2147483647;
			files = (
				5C4E70D0261E0452002486F0 /* NetworkManager.swift in Sources */,
				5C7A75A2261CBCD400ABCA49 /* Appetizer.swift in Sources */,
				5C4E70C9261E01BC002486F0 /* AppetizerListCell.swift in Sources */,
				5C4E70D3261E1441002486F0 /* AppetizerListViewModel.swift in Sources */,
				5C7A7594261CA3CC00ABCA49 /* AccountView.swift in Sources */,
				5C6131FB26209A8F00A596B8 /* Color+Ext.swift in Sources */,
				5C4E70CD261E0422002486F0 /* APError.swift in Sources */,
				5C7A7598261CA41100ABCA49 /* AppetizerListView.swift in Sources */,
				5C7A7585261C9FA800ABCA49 /* AppetizerTabView.swift in Sources */,
				5C6132032620A70B00A596B8 /* RemoteImage.swift in Sources */,
				5C6131F726208DAF00A596B8 /* Alert.swift in Sources */,
				5C7A7583261C9FA800ABCA49 /* AppetizerApp.swift in Sources */,
				5C6131FE26209AD400A596B8 /* LoadingView.swift in Sources */,
				5C7A759D261CA4C400ABCA49 /* OrderView.swift in Sources */,
			);
			runOnlyForDeploymentPostprocessing = 0;
		};
/* End PBXSourcesBuildPhase section */

/* Begin XCBuildConfiguration section */
		5C7A758C261C9FAC00ABCA49 /* Debug */ = {
			isa = XCBuildConfiguration;
			buildSettings = {
				ALWAYS_SEARCH_USER_PATHS = NO;
				CLANG_ANALYZER_NONNULL = YES;
				CLANG_ANALYZER_NUMBER_OBJECT_CONVERSION = YES_AGGRESSIVE;
				CLANG_CXX_LANGUAGE_STANDARD = "gnu++14";
				CLANG_CXX_LIBRARY = "libc++";
				CLANG_ENABLE_MODULES = YES;
				CLANG_ENABLE_OBJC_ARC = YES;
				CLANG_ENABLE_OBJC_WEAK = YES;
				CLANG_WARN_BLOCK_CAPTURE_AUTORELEASING = YES;
				CLANG_WARN_BOOL_CONVERSION = YES;
				CLANG_WARN_COMMA = YES;
				CLANG_WARN_CONSTANT_CONVERSION = YES;
				CLANG_WARN_DEPRECATED_OBJC_IMPLEMENTATIONS = YES;
				CLANG_WARN_DIRECT_OBJC_ISA_USAGE = YES_ERROR;
				CLANG_WARN_DOCUMENTATION_COMMENTS = YES;
				CLANG_WARN_EMPTY_BODY = YES;
				CLANG_WARN_ENUM_CONVERSION = YES;
				CLANG_WARN_INFINITE_RECURSION = YES;
				CLANG_WARN_INT_CONVERSION = YES;
				CLANG_WARN_NON_LITERAL_NULL_CONVERSION = YES;
				CLANG_WARN_OBJC_IMPLICIT_RETAIN_SELF = YES;
				CLANG_WARN_OBJC_LITERAL_CONVERSION = YES;
				CLANG_WARN_OBJC_ROOT_CLASS = YES_ERROR;
				CLANG_WARN_QUOTED_INCLUDE_IN_FRAMEWORK_HEADER = YES;
				CLANG_WARN_RANGE_LOOP_ANALYSIS = YES;
				CLANG_WARN_STRICT_PROTOTYPES = YES;
				CLANG_WARN_SUSPICIOUS_MOVE = YES;
				CLANG_WARN_UNGUARDED_AVAILABILITY = YES_AGGRESSIVE;
				CLANG_WARN_UNREACHABLE_CODE = YES;
				CLANG_WARN__DUPLICATE_METHOD_MATCH = YES;
				COPY_PHASE_STRIP = NO;
				DEBUG_INFORMATION_FORMAT = dwarf;
				ENABLE_STRICT_OBJC_MSGSEND = YES;
				ENABLE_TESTABILITY = YES;
				GCC_C_LANGUAGE_STANDARD = gnu11;
				GCC_DYNAMIC_NO_PIC = NO;
				GCC_NO_COMMON_BLOCKS = YES;
				GCC_OPTIMIZATION_LEVEL = 0;
				GCC_PREPROCESSOR_DEFINITIONS = (
					"DEBUG=1",
					"$(inherited)",
				);
				GCC_WARN_64_TO_32_BIT_CONVERSION = YES;
				GCC_WARN_ABOUT_RETURN_TYPE = YES_ERROR;
				GCC_WARN_UNDECLARED_SELECTOR = YES;
				GCC_WARN_UNINITIALIZED_AUTOS = YES_AGGRESSIVE;
				GCC_WARN_UNUSED_FUNCTION = YES;
				GCC_WARN_UNUSED_VARIABLE = YES;
				IPHONEOS_DEPLOYMENT_TARGET = 14.4;
				MTL_ENABLE_DEBUG_INFO = INCLUDE_SOURCE;
				MTL_FAST_MATH = YES;
				ONLY_ACTIVE_ARCH = YES;
				SDKROOT = iphoneos;
				SWIFT_ACTIVE_COMPILATION_CONDITIONS = DEBUG;
				SWIFT_OPTIMIZATION_LEVEL = "-Onone";
			};
			name = Debug;
		};
		5C7A758D261C9FAC00ABCA49 /* Release */ = {
			isa = XCBuildConfiguration;
			buildSettings = {
				ALWAYS_SEARCH_USER_PATHS = NO;
				CLANG_ANALYZER_NONNULL = YES;
				CLANG_ANALYZER_NUMBER_OBJECT_CONVERSION = YES_AGGRESSIVE;
				CLANG_CXX_LANGUAGE_STANDARD = "gnu++14";
				CLANG_CXX_LIBRARY = "libc++";
				CLANG_ENABLE_MODULES = YES;
				CLANG_ENABLE_OBJC_ARC = YES;
				CLANG_ENABLE_OBJC_WEAK = YES;
				CLANG_WARN_BLOCK_CAPTURE_AUTORELEASING = YES;
				CLANG_WARN_BOOL_CONVERSION = YES;
				CLANG_WARN_COMMA = YES;
				CLANG_WARN_CONSTANT_CONVERSION = YES;
				CLANG_WARN_DEPRECATED_OBJC_IMPLEMENTATIONS = YES;
				CLANG_WARN_DIRECT_OBJC_ISA_USAGE = YES_ERROR;
				CLANG_WARN_DOCUMENTATION_COMMENTS = YES;
				CLANG_WARN_EMPTY_BODY = YES;
				CLANG_WARN_ENUM_CONVERSION = YES;
				CLANG_WARN_INFINITE_RECURSION = YES;
				CLANG_WARN_INT_CONVERSION = YES;
				CLANG_WARN_NON_LITERAL_NULL_CONVERSION = YES;
				CLANG_WARN_OBJC_IMPLICIT_RETAIN_SELF = YES;
				CLANG_WARN_OBJC_LITERAL_CONVERSION = YES;
				CLANG_WARN_OBJC_ROOT_CLASS = YES_ERROR;
				CLANG_WARN_QUOTED_INCLUDE_IN_FRAMEWORK_HEADER = YES;
				CLANG_WARN_RANGE_LOOP_ANALYSIS = YES;
				CLANG_WARN_STRICT_PROTOTYPES = YES;
				CLANG_WARN_SUSPICIOUS_MOVE = YES;
				CLANG_WARN_UNGUARDED_AVAILABILITY = YES_AGGRESSIVE;
				CLANG_WARN_UNREACHABLE_CODE = YES;
				CLANG_WARN__DUPLICATE_METHOD_MATCH = YES;
				COPY_PHASE_STRIP = NO;
				DEBUG_INFORMATION_FORMAT = "dwarf-with-dsym";
				ENABLE_NS_ASSERTIONS = NO;
				ENABLE_STRICT_OBJC_MSGSEND = YES;
				GCC_C_LANGUAGE_STANDARD = gnu11;
				GCC_NO_COMMON_BLOCKS = YES;
				GCC_WARN_64_TO_32_BIT_CONVERSION = YES;
				GCC_WARN_ABOUT_RETURN_TYPE = YES_ERROR;
				GCC_WARN_UNDECLARED_SELECTOR = YES;
				GCC_WARN_UNINITIALIZED_AUTOS = YES_AGGRESSIVE;
				GCC_WARN_UNUSED_FUNCTION = YES;
				GCC_WARN_UNUSED_VARIABLE = YES;
				IPHONEOS_DEPLOYMENT_TARGET = 14.4;
				MTL_ENABLE_DEBUG_INFO = NO;
				MTL_FAST_MATH = YES;
				SDKROOT = iphoneos;
				SWIFT_COMPILATION_MODE = wholemodule;
				SWIFT_OPTIMIZATION_LEVEL = "-O";
				VALIDATE_PRODUCT = YES;
			};
			name = Release;
		};
		5C7A758F261C9FAC00ABCA49 /* Debug */ = {
			isa = XCBuildConfiguration;
			buildSettings = {
				ASSETCATALOG_COMPILER_APPICON_NAME = AppIcon;
				ASSETCATALOG_COMPILER_GLOBAL_ACCENT_COLOR_NAME = AccentColor;
				CODE_SIGN_STYLE = Automatic;
				DEVELOPMENT_ASSET_PATHS = "\"Appetizer/Preview Content\"";
				DEVELOPMENT_TEAM = L29LUZH6XZ;
				ENABLE_PREVIEWS = YES;
				INFOPLIST_FILE = Appetizer/Info.plist;
				IPHONEOS_DEPLOYMENT_TARGET = 14.0;
				LD_RUNPATH_SEARCH_PATHS = (
					"$(inherited)",
					"@executable_path/Frameworks",
				);
				PRODUCT_BUNDLE_IDENTIFIER = com.pacocardenal.Appetizer;
				PRODUCT_NAME = "$(TARGET_NAME)";
				SWIFT_VERSION = 5.0;
				TARGETED_DEVICE_FAMILY = "1,2";
			};
			name = Debug;
		};
		5C7A7590261C9FAC00ABCA49 /* Release */ = {
			isa = XCBuildConfiguration;
			buildSettings = {
				ASSETCATALOG_COMPILER_APPICON_NAME = AppIcon;
				ASSETCATALOG_COMPILER_GLOBAL_ACCENT_COLOR_NAME = AccentColor;
				CODE_SIGN_STYLE = Automatic;
				DEVELOPMENT_ASSET_PATHS = "\"Appetizer/Preview Content\"";
				DEVELOPMENT_TEAM = L29LUZH6XZ;
				ENABLE_PREVIEWS = YES;
				INFOPLIST_FILE = Appetizer/Info.plist;
				IPHONEOS_DEPLOYMENT_TARGET = 14.0;
				LD_RUNPATH_SEARCH_PATHS = (
					"$(inherited)",
					"@executable_path/Frameworks",
				);
				PRODUCT_BUNDLE_IDENTIFIER = com.pacocardenal.Appetizer;
				PRODUCT_NAME = "$(TARGET_NAME)";
				SWIFT_VERSION = 5.0;
				TARGETED_DEVICE_FAMILY = "1,2";
			};
			name = Release;
		};
/* End XCBuildConfiguration section */

/* Begin XCConfigurationList section */
		5C7A757A261C9FA800ABCA49 /* Build configuration list for PBXProject "Appetizer" */ = {
			isa = XCConfigurationList;
			buildConfigurations = (
				5C7A758C261C9FAC00ABCA49 /* Debug */,
				5C7A758D261C9FAC00ABCA49 /* Release */,
			);
			defaultConfigurationIsVisible = 0;
			defaultConfigurationName = Release;
		};
		5C7A758E261C9FAC00ABCA49 /* Build configuration list for PBXNativeTarget "Appetizer" */ = {
			isa = XCConfigurationList;
			buildConfigurations = (
				5C7A758F261C9FAC00ABCA49 /* Debug */,
				5C7A7590261C9FAC00ABCA49 /* Release */,
			);
			defaultConfigurationIsVisible = 0;
			defaultConfigurationName = Release;
		};
/* End XCConfigurationList section */
	};
	rootObject = 5C7A7577261C9FA800ABCA49 /* Project object */;
}
